
Microsoft Visual Studio Solution File, Format Version 12.00
# Visual Studio Version 17
VisualStudioVersion = 17.10.35122.118
MinimumVisualStudioVersion = 10.0.40219.1
Project("{FAE04EC0-301F-11D3-BF4B-00C04F79EFBC}") = "SifreliVeriler", "SifreliVeriler\SifreliVeriler.csproj", "{FA3F4904-EAC1-48CC-A154-8408E53BF929}"
EndProject
Global
	GlobalSection(SolutionConfigurationPlatforms) = preSolution
		Debug|Any CPU = Debug|Any CPU
		Release|Any CPU = Release|Any CPU
	EndGlobalSection
	GlobalSection(ProjectConfigurationPlatforms) = postSolution
		{FA3F4904-EAC1-48CC-A154-8408E53BF929}.Debug|Any CPU.ActiveCfg = Debug|Any CPU
		{FA3F4904-EAC1-48CC-A154-8408E53BF929}.Debug|Any CPU.Build.0 = Debug|Any CPU
		{FA3F4904-EAC1-48CC-A154-8408E53BF929}.Release|Any CPU.ActiveCfg = Release|Any CPU
		{FA3F4904-EAC1-48CC-A154-8408E53BF929}.Release|Any CPU.Build.0 = Release|Any CPU
	EndGlobalSection
	GlobalSection(SolutionProperties) = preSolution
		HideSolutionNode = FALSE
	EndGlobalSection
	GlobalSection(ExtensibilityGlobals) = postSolution
		SolutionGuid = {CF187DFC-8587-463E-A74A-8B898A4CD1B5}
	EndGlobalSection
EndGlobal
